// !$*UTF8*$!
{
	archiveVersion = 1;
	classes = {
	};
	objectVersion = 77;
	objects = {

/* Begin PBXBuildFile section */
		9A4D66F82E4817BD00EEAE1D /* FirebaseAuth in Frameworks */ = {isa = PBXBuildFile; productRef = 9A4D66F72E4817BD00EEAE1D /* FirebaseAuth */; };
		9A4D66FD2E49447800EEAE1D /* GoogleSignIn in Frameworks */ = {isa = PBXBuildFile; productRef = 9A4D66FC2E49447800EEAE1D /* GoogleSignIn */; };
		9A4D66FF2E49447800EEAE1D /* GoogleSignInSwift in Frameworks */ = {isa = PBXBuildFile; productRef = 9A4D66FE2E49447800EEAE1D /* GoogleSignInSwift */; };
		9A6A00D42E7F36E70015F349 /* FirebaseStorage in Frameworks */ = {isa = PBXBuildFile; productRef = 9A6A00D32E7F36E70015F349 /* FirebaseStorage */; };
		9A8C9A352EEF22F800C94089 /* FirebaseCrashlytics in Frameworks */ = {isa = PBXBuildFile; productRef = 9A8C9A342EEF22F800C94089 /* FirebaseCrashlytics */; };
		9A8E4CE62E2418D200C78912 /* FirebaseAnalytics in Frameworks */ = {isa = PBXBuildFile; productRef = 9A8E4CE52E2418D200C78912 /* FirebaseAnalytics */; };
		9AF20E5E2E64DCFF00044C25 /* FirebaseFirestore in Frameworks */ = {isa = PBXBuildFile; productRef = 9AF20E5D2E64DCFF00044C25 /* FirebaseFirestore */; };
		9B1000012F22000000100001 /* RevenueCat in Frameworks */ = {isa = PBXBuildFile; productRef = 9B1000052F22000000100005 /* RevenueCat */; };
		9B1000022F22000000100002 /* SuperwallKit in Frameworks */ = {isa = PBXBuildFile; productRef = 9B1000062F22000000100006 /* SuperwallKit */; };
		9B2000022F23000000100002 /* FirebaseFunctions in Frameworks */ = {isa = PBXBuildFile; productRef = 9B2000012F23000000100001 /* FirebaseFunctions */; };
		9C3000012F2A000000100001 /* Mixpanel in Frameworks */ = {isa = PBXBuildFile; productRef = 9C3000032F2A000000100003 /* Mixpanel */; };
		9D4000012F60000000100001 /* MapboxMaps in Frameworks */ = {isa = PBXBuildFile; productRef = 9D4000032F60000000100003 /* MapboxMaps */; };
		9E5000012F6B000000100001 /* FirebaseMessaging in Frameworks */ = {isa = PBXBuildFile; productRef = 9E5000022F6B000000100002 /* FirebaseMessaging */; };
		9F6000012F75000000100001 /* Sentry in Frameworks */ = {isa = PBXBuildFile; productRef = 9F6000032F75000000100003 /* Sentry */; };
		A20000012F10000000000001 /* AscendLiveActivityWidgets.appex in Embed App Extensions */ = {isa = PBXBuildFile; fileRef = A20000012F10000000000003 /* AscendLiveActivityWidgets.appex */; settings = {ATTRIBUTES = (RemoveHeadersOnCopy, ); }; };
/* End PBXBuildFile section */

/* Begin PBXContainerItemProxy section */
		A10600012F0A000000000001 /* PBXContainerItemProxy */ = {
			isa = PBXContainerItemProxy;
			containerPortal = 9A5E4D7A2E2406F8008DE803 /* Project object */;
			proxyType = 1;
			remoteGlobalIDString = 9A5E4D812E2406F8008DE803;
			remoteInfo = AscendApp;
		};
		B30000012F90000000000001 /* PBXContainerItemProxy */ = {
			isa = PBXContainerItemProxy;
			containerPortal = 9A5E4D7A2E2406F8008DE803 /* Project object */;
			proxyType = 1;
			remoteGlobalIDString = 9A5E4D812E2406F8008DE803;
			remoteInfo = AscendApp;
		};
		A20000012F10000000000002 /* PBXContainerItemProxy */ = {
			isa = PBXContainerItemProxy;
			containerPortal = 9A5E4D7A2E2406F8008DE803 /* Project object */;
			proxyType = 1;
			remoteGlobalIDString = A20000012F10000000000009;
			remoteInfo = AscendLiveActivityWidgets;
		};
/* End PBXContainerItemProxy section */

/* Begin PBXCopyFilesBuildPhase section */
		A20000012F10000000000008 /* Embed App Extensions */ = {
			isa = PBXCopyFilesBuildPhase;
			buildActionMask = 2147483647;
			dstPath = "";
			dstSubfolderSpec = 13;
			files = (
				A20000012F10000000000001 /* AscendLiveActivityWidgets.appex in Embed App Extensions */,
			);
			name = "Embed App Extensions";
			runOnlyForDeploymentPostprocessing = 0;
		};
/* End PBXCopyFilesBuildPhase section */

/* Begin PBXFileReference section */
		9A5E4D822E2406F8008DE803 /* AscendApp.app */ = {isa = PBXFileReference; explicitFileType = wrapper.application; includeInIndex = 0; path = AscendApp.app; sourceTree = BUILT_PRODUCTS_DIR; };
		A10600012F0A000000000003 /* AscendAppTests.xctest */ = {isa = PBXFileReference; explicitFileType = wrapper.cfbundle; includeInIndex = 0; path = AscendAppTests.xctest; sourceTree = BUILT_PRODUCTS_DIR; };
		A20000012F10000000000003 /* AscendLiveActivityWidgets.appex */ = {isa = PBXFileReference; explicitFileType = "wrapper.app-extension"; includeInIndex = 0; path = AscendLiveActivityWidgets.appex; sourceTree = BUILT_PRODUCTS_DIR; };
		B30000012F90000000000002 /* AscendAppUITests.xctest */ = {isa = PBXFileReference; explicitFileType = wrapper.cfbundle; includeInIndex = 0; path = AscendAppUITests.xctest; sourceTree = BUILT_PRODUCTS_DIR; };
/* End PBXFileReference section */

/* Begin PBXFileSystemSynchronizedBuildFileExceptionSet section */
		9A4167C82E47B1A9004E8B91 /* Exceptions for "AscendApp" folder in "AscendApp" target */ = {
			isa = PBXFileSystemSynchronizedBuildFileExceptionSet;
			membershipExceptions = (
				Info.plist,
			);
			target = 9A5E4D812E2406F8008DE803 /* AscendApp */;
		};
		A20000012F10000000000004 /* Exceptions for "AscendLiveActivityWidgets" folder in "AscendLiveActivityWidgets" target */ = {
			isa = PBXFileSystemSynchronizedBuildFileExceptionSet;
			membershipExceptions = (
				Info.plist,
			);
			target = A20000012F10000000000009 /* AscendLiveActivityWidgets */;
		};
/* End PBXFileSystemSynchronizedBuildFileExceptionSet section */

/* Begin PBXFileSystemSynchronizedRootGroup section */
		9A5E4D842E2406F8008DE803 /* AscendApp */ = {
			isa = PBXFileSystemSynchronizedRootGroup;
			exceptions = (
				9A4167C82E47B1A9004E8B91 /* Exceptions for "AscendApp" folder in "AscendApp" target */,
			);
			path = AscendApp;
			sourceTree = "<group>";
		};
		A10600012F0A000000000004 /* AscendAppTests */ = {
			isa = PBXFileSystemSynchronizedRootGroup;
			path = AscendAppTests;
			sourceTree = "<group>";
		};
		A20000012F10000000000005 /* AscendLiveActivityWidgets */ = {
			isa = PBXFileSystemSynchronizedRootGroup;
			exceptions = (
				A20000012F10000000000004 /* Exceptions for "AscendLiveActivityWidgets" folder in "AscendLiveActivityWidgets" target */,
			);
			path = AscendLiveActivityWidgets;
			sourceTree = "<group>";
		};
		A20000012F10000000000006 /* AscendApp/Features/Climbs/LiveActivity */ = {
			isa = PBXFileSystemSynchronizedRootGroup;
			path = AscendApp/Features/Climbs/LiveActivity;
			sourceTree = "<group>";
		};
		B30000012F90000000000003 /* AscendAppUITests */ = {
			isa = PBXFileSystemSynchronizedRootGroup;
			path = AscendAppUITests;
			sourceTree = "<group>";
		};
/* End PBXFileSystemSynchronizedRootGroup section */

/* Begin PBXFrameworksBuildPhase section */
		9A5E4D7F2E2406F8008DE803 /* Frameworks */ = {
			isa = PBXFrameworksBuildPhase;
			buildActionMask = 2147483647;
			files = (
				9A8E4CE62E2418D200C78912 /* FirebaseAnalytics in Frameworks */,
				9A4D66F82E4817BD00EEAE1D /* FirebaseAuth in Frameworks */,
				9A4D66FD2E49447800EEAE1D /* GoogleSignIn in Frameworks */,
				9A8C9A352EEF22F800C94089 /* FirebaseCrashlytics in Frameworks */,
				9AF20E5E2E64DCFF00044C25 /* FirebaseFirestore in Frameworks */,
				9A4D66FF2E49447800EEAE1D /* GoogleSignInSwift in Frameworks */,
				9A6A00D42E7F36E70015F349 /* FirebaseStorage in Frameworks */,
				9B2000022F23000000100002 /* FirebaseFunctions in Frameworks */,
				9E5000012F6B000000100001 /* FirebaseMessaging in Frameworks */,
				9B1000012F22000000100001 /* RevenueCat in Frameworks */,
				9B1000022F22000000100002 /* SuperwallKit in Frameworks */,
				9C3000012F2A000000100001 /* Mixpanel in Frameworks */,
				9D4000012F60000000100001 /* MapboxMaps in Frameworks */,
				9F6000012F75000000100001 /* Sentry in Frameworks */,
			);
			runOnlyForDeploymentPostprocessing = 0;
		};
		A10600012F0A000000000005 /* Frameworks */ = {
			isa = PBXFrameworksBuildPhase;
			buildActionMask = 2147483647;
			files = (
			);
			runOnlyForDeploymentPostprocessing = 0;
		};
		A20000012F10000000000007 /* Frameworks */ = {
			isa = PBXFrameworksBuildPhase;
			buildActionMask = 2147483647;
			files = (
			);
			runOnlyForDeploymentPostprocessing = 0;
		};
		B30000012F90000000000004 /* Frameworks */ = {
			isa = PBXFrameworksBuildPhase;
			buildActionMask = 2147483647;
			files = (
			);
			runOnlyForDeploymentPostprocessing = 0;
		};
/* End PBXFrameworksBuildPhase section */

/* Begin PBXGroup section */
		9A19BE052FB131BE005F75C8 /* Recovered References */ = {
			isa = PBXGroup;
			children = (
				A20000012F10000000000006 /* AscendApp/Features/Climbs/LiveActivity */,
			);
			name = "Recovered References";
			sourceTree = "<group>";
		};
		9A4D66F62E4817BD00EEAE1D /* Frameworks */ = {
			isa = PBXGroup;
			children = (
			);
			name = Frameworks;
			sourceTree = "<group>";
		};
		9A5E4D792E2406F8008DE803 = {
			isa = PBXGroup;
			children = (
				9A5E4D842E2406F8008DE803 /* AscendApp */,
				A20000012F10000000000005 /* AscendLiveActivityWidgets */,
				A10600012F0A000000000004 /* AscendAppTests */,
				B30000012F90000000000003 /* AscendAppUITests */,
				9A4D66F62E4817BD00EEAE1D /* Frameworks */,
				9A5E4D832E2406F8008DE803 /* Products */,
				9A19BE052FB131BE005F75C8 /* Recovered References */,
			);
			sourceTree = "<group>";
		};
		9A5E4D832E2406F8008DE803 /* Products */ = {
			isa = PBXGroup;
			children = (
				9A5E4D822E2406F8008DE803 /* AscendApp.app */,
				A20000012F10000000000003 /* AscendLiveActivityWidgets.appex */,
				A10600012F0A000000000003 /* AscendAppTests.xctest */,
				B30000012F90000000000002 /* AscendAppUITests.xctest */,
			);
			name = Products;
			sourceTree = "<group>";
		};
/* End PBXGroup section */

/* Begin PBXNativeTarget section */
		9A5E4D812E2406F8008DE803 /* AscendApp */ = {
			isa = PBXNativeTarget;
			buildConfigurationList = 9A5E4D8D2E2406F9008DE803 /* Build configuration list for PBXNativeTarget "AscendApp" */;
			buildPhases = (
				9A5E4D7E2E2406F8008DE803 /* Sources */,
				9A5E4D7F2E2406F8008DE803 /* Frameworks */,
				9A5E4D802E2406F8008DE803 /* Resources */,
				A20000012F10000000000008 /* Embed App Extensions */,
				9A8C9A362EEF27F000C94089 /* ShellScript */,
			);
			buildRules = (
			);
			dependencies = (
				A20000012F1000000000000B /* PBXTargetDependency */,
			);
			fileSystemSynchronizedGroups = (
				9A5E4D842E2406F8008DE803 /* AscendApp */,
			);
			name = AscendApp;
			packageProductDependencies = (
				9A8E4CE52E2418D200C78912 /* FirebaseAnalytics */,
				9A4D66F72E4817BD00EEAE1D /* FirebaseAuth */,
				9A4D66FC2E49447800EEAE1D /* GoogleSignIn */,
				9A4D66FE2E49447800EEAE1D /* GoogleSignInSwift */,
				9AF20E5D2E64DCFF00044C25 /* FirebaseFirestore */,
				9A6A00D32E7F36E70015F349 /* FirebaseStorage */,
				9A8C9A342EEF22F800C94089 /* FirebaseCrashlytics */,
				9B2000012F23000000100001 /* FirebaseFunctions */,
				9E5000022F6B000000100002 /* FirebaseMessaging */,
				9B1000052F22000000100005 /* RevenueCat */,
				9B1000062F22000000100006 /* SuperwallKit */,
				9C3000032F2A000000100003 /* Mixpanel */,
				9D4000032F60000000100003 /* MapboxMaps */,
				9F6000032F75000000100003 /* Sentry */,
			);
			productName = AscendApp;
			productReference = 9A5E4D822E2406F8008DE803 /* AscendApp.app */;
			productType = "com.apple.product-type.application";
		};
		A10600012F0A000000000008 /* AscendAppTests */ = {
			isa = PBXNativeTarget;
			buildConfigurationList = A10600012F0A00000000000C /* Build configuration list for PBXNativeTarget "AscendAppTests" */;
			buildPhases = (
				A10600012F0A000000000007 /* Sources */,
				A10600012F0A000000000005 /* Frameworks */,
				A10600012F0A000000000006 /* Resources */,
			);
			buildRules = (
			);
			dependencies = (
				A10600012F0A000000000002 /* PBXTargetDependency */,
			);
			fileSystemSynchronizedGroups = (
				A10600012F0A000000000004 /* AscendAppTests */,
			);
			name = AscendAppTests;
			packageProductDependencies = (
			);
			productName = AscendAppTests;
			productReference = A10600012F0A000000000003 /* AscendAppTests.xctest */;
			productType = "com.apple.product-type.bundle.unit-test";
		};
		A20000012F10000000000009 /* AscendLiveActivityWidgets */ = {
			isa = PBXNativeTarget;
			buildConfigurationList = A20000012F10000000000010 /* Build configuration list for PBXNativeTarget "AscendLiveActivityWidgets" */;
			buildPhases = (
				A20000012F1000000000000C /* Sources */,
				A20000012F10000000000007 /* Frameworks */,
				A20000012F1000000000000A /* Resources */,
			);
			buildRules = (
			);
			dependencies = (
			);
			fileSystemSynchronizedGroups = (
				A20000012F10000000000005 /* AscendLiveActivityWidgets */,
				A20000012F10000000000006 /* AscendApp/Features/Climbs/LiveActivity */,
			);
			name = AscendLiveActivityWidgets;
			packageProductDependencies = (
			);
			productName = AscendLiveActivityWidgets;
			productReference = A20000012F10000000000003 /* AscendLiveActivityWidgets.appex */;
			productType = "com.apple.product-type.app-extension";
		};
		B30000012F90000000000007 /* AscendAppUITests */ = {
			isa = PBXNativeTarget;
			buildConfigurationList = B30000012F9000000000000C /* Build configuration list for PBXNativeTarget "AscendAppUITests" */;
			buildPhases = (
				B30000012F90000000000006 /* Sources */,
				B30000012F90000000000004 /* Frameworks */,
				B30000012F90000000000005 /* Resources */,
			);
			buildRules = (
			);
			dependencies = (
				B30000012F90000000000008 /* PBXTargetDependency */,
			);
			fileSystemSynchronizedGroups = (
				B30000012F90000000000003 /* AscendAppUITests */,
			);
			name = AscendAppUITests;
			packageProductDependencies = (
			);
			productName = AscendAppUITests;
			productReference = B30000012F90000000000002 /* AscendAppUITests.xctest */;
			productType = "com.apple.product-type.bundle.ui-testing";
		};
/* End PBXNativeTarget section */

/* Begin PBXProject section */
		9A5E4D7A2E2406F8008DE803 /* Project object */ = {
			isa = PBXProject;
			attributes = {
				BuildIndependentTargetsInParallel = 1;
				LastSwiftUpdateCheck = 1640;
				LastUpgradeCheck = 2600;
				TargetAttributes = {
					9A5E4D812E2406F8008DE803 = {
						CreatedOnToolsVersion = 16.4;
						SystemCapabilities = {
							com.apple.Push = {
								enabled = 1;
							};
						};
					};
					A10600012F0A000000000008 = {
						CreatedOnToolsVersion = 16.4;
						TestTargetID = 9A5E4D812E2406F8008DE803;
					};
					A20000012F10000000000009 = {
						CreatedOnToolsVersion = 16.4;
					};
					B30000012F90000000000007 = {
						CreatedOnToolsVersion = 26.0;
						TestTargetID = 9A5E4D812E2406F8008DE803;
					};
				};
			};
			buildConfigurationList = 9A5E4D7D2E2406F8008DE803 /* Build configuration list for PBXProject "AscendApp" */;
			developmentRegion = en;
			hasScannedForEncodings = 0;
			knownRegions = (
				en,
				Base,
			);
			mainGroup = 9A5E4D792E2406F8008DE803;
			minimizedProjectReferenceProxies = 1;
			packageReferences = (
				9A8E4CE42E2418D200C78912 /* XCRemoteSwiftPackageReference "firebase-ios-sdk" */,
				9A4D66FB2E49447800EEAE1D /* XCRemoteSwiftPackageReference "GoogleSignIn-iOS" */,
				9B1000032F22000000100003 /* XCRemoteSwiftPackageReference "purchases-ios" */,
				9B1000042F22000000100004 /* XCRemoteSwiftPackageReference "Superwall-iOS" */,
				9C3000022F2A000000100002 /* XCRemoteSwiftPackageReference "mixpanel-swift" */,
				9D4000022F60000000100002 /* XCRemoteSwiftPackageReference "mapbox-maps-ios-binary" */,
				9F6000022F75000000100002 /* XCRemoteSwiftPackageReference "sentry-cocoa" */,
			);
			preferredProjectObjectVersion = 77;
			productRefGroup = 9A5E4D832E2406F8008DE803 /* Products */;
			projectDirPath = "";
			projectRoot = "";
			targets = (
				9A5E4D812E2406F8008DE803 /* AscendApp */,
				A20000012F10000000000009 /* AscendLiveActivityWidgets */,
				A10600012F0A000000000008 /* AscendAppTests */,
				B30000012F90000000000007 /* AscendAppUITests */,
			);
		};
/* End PBXProject section */

/* Begin PBXResourcesBuildPhase section */
		9A5E4D802E2406F8008DE803 /* Resources */ = {
			isa = PBXResourcesBuildPhase;
			buildActionMask = 2147483647;
			files = (
			);
			runOnlyForDeploymentPostprocessing = 0;
		};
		A10600012F0A000000000006 /* Resources */ = {
			isa = PBXResourcesBuildPhase;
			buildActionMask = 2147483647;
			files = (
			);
			runOnlyForDeploymentPostprocessing = 0;
		};
		A20000012F1000000000000A /* Resources */ = {
			isa = PBXResourcesBuildPhase;
			buildActionMask = 2147483647;
			files = (
			);
			runOnlyForDeploymentPostprocessing = 0;
		};
		B30000012F90000000000005 /* Resources */ = {
			isa = PBXResourcesBuildPhase;
			buildActionMask = 2147483647;
			files = (
			);
			runOnlyForDeploymentPostprocessing = 0;
		};
/* End PBXResourcesBuildPhase section */

/* Begin PBXShellScriptBuildPhase section */
		9A8C9A362EEF27F000C94089 /* ShellScript */ = {
			isa = PBXShellScriptBuildPhase;
			alwaysOutOfDate = 1;
			buildActionMask = 2147483647;
			files = (
			);
			inputFileListPaths = (
			);
			inputPaths = (
				"${DWARF_DSYM_FOLDER_PATH}/${DWARF_DSYM_FILE_NAME}",
				"${DWARF_DSYM_FOLDER_PATH}/${DWARF_DSYM_FILE_NAME}/Contents/Resources/DWARF/${PRODUCT_NAME}",
				"${DWARF_DSYM_FOLDER_PATH}/${DWARF_DSYM_FILE_NAME}/Contents/Info.plist",
				"$(TARGET_BUILD_DIR)/$(EXECUTABLE_PATH)",
				"${DWARF_DSYM_FOLDER_PATH}/${DWARF_DSYM_FILE_NAME}/Contents/Resources/DWARF/${PRODUCT_NAME}.debug.dylib",
				"$(SRCROOT)/scripts/link-firebase-plists.sh",
				"$(SRCROOT)/AscendApp/Info.plist",
				"$(SRCROOT)/AscendApp/App/Firebase/GoogleService-Info-Dev.plist",
				"$(SRCROOT)/AscendApp/App/Firebase/GoogleService-Info-Staging.plist",
				"$(SRCROOT)/AscendApp/App/Firebase/GoogleService-Info-Production.plist",
			);
			outputFileListPaths = (
			);
			outputPaths = (
				"$(TARGET_BUILD_DIR)/$(UNLOCALIZED_RESOURCES_FOLDER_PATH)/GoogleService-Info.plist",
			);
			runOnlyForDeploymentPostprocessing = 0;
			shellPath = /bin/sh;
			shellScript = "set -eu\n\n# Ensure local Firebase config plists are linked into this worktree.\n\"${SRCROOT}/scripts/link-firebase-plists.sh\"\n\n# Determine which GoogleService-Info plist to use\ncase \"${CONFIGURATION}\" in\n    \"Debug\")\n        GOOGLE_SERVICE_PLIST=\"${SRCROOT}/AscendApp/App/Firebase/GoogleService-Info-Dev.plist\"\n        ;;\n    \"Staging\")\n        GOOGLE_SERVICE_PLIST=\"${SRCROOT}/AscendApp/App/Firebase/GoogleService-Info-Staging.plist\"\n        ;;\n    \"Release\")\n        GOOGLE_SERVICE_PLIST=\"${SRCROOT}/AscendApp/App/Firebase/GoogleService-Info-Production.plist\"\n        ;;\nesac\n\n# Run Crashlytics with the correct plist\n\"${BUILD_DIR%/Build/*}/SourcePackages/checkouts/firebase-ios-sdk/Crashlytics/run\" -gsp \"${GOOGLE_SERVICE_PLIST}\"\n";
		};
/* End PBXShellScriptBuildPhase section */

/* Begin PBXSourcesBuildPhase section */
		9A5E4D7E2E2406F8008DE803 /* Sources */ = {
			isa = PBXSourcesBuildPhase;
			buildActionMask = 2147483647;
			files = (
			);
			runOnlyForDeploymentPostprocessing = 0;
		};
		A10600012F0A000000000007 /* Sources */ = {
			isa = PBXSourcesBuildPhase;
			buildActionMask = 2147483647;
			files = (
			);
			runOnlyForDeploymentPostprocessing = 0;
		};
		A20000012F1000000000000C /* Sources */ = {
			isa = PBXSourcesBuildPhase;
			buildActionMask = 2147483647;
			files = (
			);
			runOnlyForDeploymentPostprocessing = 0;
		};
		B30000012F90000000000006 /* Sources */ = {
			isa = PBXSourcesBuildPhase;
			buildActionMask = 2147483647;
			files = (
			);
			runOnlyForDeploymentPostprocessing = 0;
		};
/* End PBXSourcesBuildPhase section */

/* Begin PBXTargetDependency section */
		A10600012F0A000000000002 /* PBXTargetDependency */ = {
			isa = PBXTargetDependency;
			target = 9A5E4D812E2406F8008DE803 /* AscendApp */;
			targetProxy = A10600012F0A000000000001 /* PBXContainerItemProxy */;
		};
		A20000012F1000000000000B /* PBXTargetDependency */ = {
			isa = PBXTargetDependency;
			target = A20000012F10000000000009 /* AscendLiveActivityWidgets */;
			targetProxy = A20000012F10000000000002 /* PBXContainerItemProxy */;
		};
		B30000012F90000000000008 /* PBXTargetDependency */ = {
			isa = PBXTargetDependency;
			target = 9A5E4D812E2406F8008DE803 /* AscendApp */;
			targetProxy = B30000012F90000000000001 /* PBXContainerItemProxy */;
		};
/* End PBXTargetDependency section */

/* Begin XCBuildConfiguration section */
		9A09EB312F032E36007A47DD /* Staging */ = {
			isa = XCBuildConfiguration;
			buildSettings = {
				ALWAYS_SEARCH_USER_PATHS = NO;
				ASSETCATALOG_COMPILER_GENERATE_SWIFT_ASSET_SYMBOL_EXTENSIONS = YES;
				CLANG_ANALYZER_NONNULL = YES;
				CLANG_ANALYZER_NUMBER_OBJECT_CONVERSION = YES_AGGRESSIVE;
				CLANG_CXX_LANGUAGE_STANDARD = "gnu++20";
				CLANG_ENABLE_MODULES = YES;
				CLANG_ENABLE_OBJC_ARC = YES;
				CLANG_ENABLE_OBJC_WEAK = YES;
				CLANG_WARN_BLOCK_CAPTURE_AUTORELEASING = YES;
				CLANG_WARN_BOOL_CONVERSION = YES;
				CLANG_WARN_COMMA = YES;
				CLANG_WARN_CONSTANT_CONVERSION = YES;
				CLANG_WARN_DEPRECATED_OBJC_IMPLEMENTATIONS = YES;
				CLANG_WARN_DIRECT_OBJC_ISA_USAGE = YES_ERROR;
				CLANG_WARN_DOCUMENTATION_COMMENTS = YES;
				CLANG_WARN_EMPTY_BODY = YES;
				CLANG_WARN_ENUM_CONVERSION = YES;
				CLANG_WARN_INFINITE_RECURSION = YES;
				CLANG_WARN_INT_CONVERSION = YES;
				CLANG_WARN_NON_LITERAL_NULL_CONVERSION = YES;
				CLANG_WARN_OBJC_IMPLICIT_RETAIN_SELF = YES;
				CLANG_WARN_OBJC_LITERAL_CONVERSION = YES;
				CLANG_WARN_OBJC_ROOT_CLASS = YES_ERROR;
				CLANG_WARN_QUOTED_INCLUDE_IN_FRAMEWORK_HEADER = YES;
				CLANG_WARN_RANGE_LOOP_ANALYSIS = YES;
				CLANG_WARN_STRICT_PROTOTYPES = YES;
				CLANG_WARN_SUSPICIOUS_MOVE = YES;
				CLANG_WARN_UNGUARDED_AVAILABILITY = YES_AGGRESSIVE;
				CLANG_WARN_UNREACHABLE_CODE = YES;
				CLANG_WARN__DUPLICATE_METHOD_MATCH = YES;
				COPY_PHASE_STRIP = NO;
				DEBUG_INFORMATION_FORMAT = "dwarf-with-dsym";
				DEVELOPMENT_TEAM = QWGVB7TN4T;
				ENABLE_NS_ASSERTIONS = NO;
				ENABLE_STRICT_OBJC_MSGSEND = YES;
				ENABLE_USER_SCRIPT_SANDBOXING = YES;
				GCC_C_LANGUAGE_STANDARD = gnu17;
				GCC_NO_COMMON_BLOCKS = YES;
				GCC_WARN_64_TO_32_BIT_CONVERSION = YES;
				GCC_WARN_ABOUT_RETURN_TYPE = YES_ERROR;
				GCC_WARN_UNDECLARED_SELECTOR = YES;
				GCC_WARN_UNINITIALIZED_AUTOS = YES_AGGRESSIVE;
				GCC_WARN_UNUSED_FUNCTION = YES;
				GCC_WARN_UNUSED_VARIABLE = YES;
				IPHONEOS_DEPLOYMENT_TARGET = 26.0;
				LOCALIZATION_PREFERS_STRING_CATALOGS = YES;
				MTL_ENABLE_DEBUG_INFO = NO;
				MTL_FAST_MATH = YES;
				SDKROOT = iphoneos;
				STRING_CATALOG_GENERATE_SYMBOLS = YES;
				SWIFT_COMPILATION_MODE = wholemodule;
				VALIDATE_PRODUCT = YES;
			};
			name = Staging;
		};
		9A09EB322F032E36007A47DD /* Staging */ = {
			isa = XCBuildConfiguration;
			buildSettings = {
				APS_ENVIRONMENT = production;
				/* Staging gates on app_access. To unblock locked-out testers: set this to YES and update the pinned Staging expectation in scripts/test/monetization-build-configuration.test.mjs in the same PR. No app code change. See docs/superwall-paywall-setup.md. */
				ASCEND_ALLOWS_UNENTITLED_APP_ACCESS = NO;
				ASCEND_MIXPANEL_TOKEN = 354ccda8eef57e08d823eebc8598aab7;
				ASCEND_REVENUECAT_API_KEY = appl_KljWLRCYwBqgmGsWDGKOeZoeuqP;
				ASCEND_REVENUECAT_MONTHLY_PRODUCT_ID = ascend_staging_monthly;
				ASCEND_REVENUECAT_TEST_API_KEY = "";
				ASCEND_REVENUECAT_YEARLY_PRODUCT_ID = ascend_staging_yearly;
				ASCEND_SENTRY_DSN = "https://8ffadf8996800f8feaaea21ca77ebe5d@o4511621278728192.ingest.us.sentry.io/4511621439815680";
				ASCEND_SENTRY_ENABLED = YES;
				ASCEND_SUPERWALL_API_KEY = pk_hF85VhiB2MyckzFW1WCHr;
				ASCEND_SUPERWALL_TEST_MODE = NO;
				ASCEND_USE_REVENUECAT_TEST_STORE = NO;
				ASSETCATALOG_COMPILER_APPICON_NAME = AppIconStaging;
				ASSETCATALOG_COMPILER_GLOBAL_ACCENT_COLOR_NAME = AccentColor;
				CODE_SIGN_ENTITLEMENTS = AscendApp/AscendApp.entitlements;
				"CODE_SIGN_IDENTITY[sdk=iphoneos*]" = "Apple Distribution";
				CODE_SIGN_STYLE = Manual;
				CURRENT_PROJECT_VERSION = 2;
				DEVELOPMENT_TEAM = "";
				"DEVELOPMENT_TEAM[sdk=iphoneos*]" = QWGVB7TN4T;
				ENABLE_PREVIEWS = YES;
				GENERATE_INFOPLIST_FILE = YES;
				INFOPLIST_FILE = AscendApp/Info.plist;
				INFOPLIST_KEY_CFBundleDisplayName = "Ascend - STG";
				INFOPLIST_KEY_LSApplicationCategoryType = "public.app-category.healthcare-fitness";
				INFOPLIST_KEY_NSHealthShareUsageDescription = "Ascend needs access to your Health data to import your stair climbing workouts, including steps, heart rate, active energy, and resting energy.";
				INFOPLIST_KEY_NSHealthUpdateUsageDescription = "Ascend needs access to your Health data to import your stair climbing workouts, including steps, heart rate, active energy, and resting energy.";
				INFOPLIST_KEY_NSMotionUsageDescription = "Ascend uses motion from compatible headphones to track steps during Live Climbs.";
				INFOPLIST_KEY_NSPhotoLibraryAddUsageDescription = "Ascend saves your workout posters to your Photos library.";
				INFOPLIST_KEY_NSPhotoLibraryUsageDescription = "Ascend needs access to your photo library to attach photos and videos to workouts.";
				INFOPLIST_KEY_UIApplicationSceneManifest_Generation = YES;
				INFOPLIST_KEY_UIApplicationSupportsIndirectInputEvents = YES;
				INFOPLIST_KEY_UILaunchStoryboardName = LaunchScreen;
				INFOPLIST_KEY_UISupportedInterfaceOrientations = UIInterfaceOrientationPortrait;
				INFOPLIST_KEY_UISupportedInterfaceOrientations_iPad = "UIInterfaceOrientationLandscapeLeft UIInterfaceOrientationLandscapeRight UIInterfaceOrientationPortrait UIInterfaceOrientationPortraitUpsideDown";
				LD_RUNPATH_SEARCH_PATHS = (
					"$(inherited)",
					"@executable_path/Frameworks",
				);
				MARKETING_VERSION = 1.0;
				PRODUCT_BUNDLE_IDENTIFIER = com.TylerPavay.AscendApp.staging;
				PRODUCT_NAME = "$(TARGET_NAME)";
				PROVISIONING_PROFILE_SPECIFIER = "";
				"PROVISIONING_PROFILE_SPECIFIER[sdk=iphoneos*]" = "match AppStore com.TylerPavay.AscendApp.staging";
				SUPPORTED_PLATFORMS = "iphoneos iphonesimulator";
				SUPPORTS_MACCATALYST = NO;
				SUPPORTS_MAC_DESIGNED_FOR_IPHONE_IPAD = NO;
				SUPPORTS_XR_DESIGNED_FOR_IPHONE_IPAD = NO;
				SWIFT_ACTIVE_COMPILATION_CONDITIONS = STAGING;
				SWIFT_EMIT_LOC_STRINGS = YES;
				SWIFT_VERSION = 6.0;
				TARGETED_DEVICE_FAMILY = 1;
			};
			name = Staging;
		};
		9A5E4D8B2E2406F9008DE803 /* Debug */ = {
			isa = XCBuildConfiguration;
			buildSettings = {
				ALWAYS_SEARCH_USER_PATHS = NO;
				ASSETCATALOG_COMPILER_GENERATE_SWIFT_ASSET_SYMBOL_EXTENSIONS = YES;
				CLANG_ANALYZER_NONNULL = YES;
				CLANG_ANALYZER_NUMBER_OBJECT_CONVERSION = YES_AGGRESSIVE;
				CLANG_CXX_LANGUAGE_STANDARD = "gnu++20";
				CLANG_ENABLE_MODULES = YES;
				CLANG_ENABLE_OBJC_ARC = YES;
				CLANG_ENABLE_OBJC_WEAK = YES;
				CLANG_WARN_BLOCK_CAPTURE_AUTORELEASING = YES;
				CLANG_WARN_BOOL_CONVERSION = YES;
				CLANG_WARN_COMMA = YES;
				CLANG_WARN_CONSTANT_CONVERSION = YES;
				CLANG_WARN_DEPRECATED_OBJC_IMPLEMENTATIONS = YES;
				CLANG_WARN_DIRECT_OBJC_ISA_USAGE = YES_ERROR;
				CLANG_WARN_DOCUMENTATION_COMMENTS = YES;
				CLANG_WARN_EMPTY_BODY = YES;
				CLANG_WARN_ENUM_CONVERSION = YES;
				CLANG_WARN_INFINITE_RECURSION = YES;
				CLANG_WARN_INT_CONVERSION = YES;
				CLANG_WARN_NON_LITERAL_NULL_CONVERSION = YES;
				CLANG_WARN_OBJC_IMPLICIT_RETAIN_SELF = YES;
				CLANG_WARN_OBJC_LITERAL_CONVERSION = YES;
				CLANG_WARN_OBJC_ROOT_CLASS = YES_ERROR;
				CLANG_WARN_QUOTED_INCLUDE_IN_FRAMEWORK_HEADER = YES;
				CLANG_WARN_RANGE_LOOP_ANALYSIS = YES;
				CLANG_WARN_STRICT_PROTOTYPES = YES;
				CLANG_WARN_SUSPICIOUS_MOVE = YES;
				CLANG_WARN_UNGUARDED_AVAILABILITY = YES_AGGRESSIVE;
				CLANG_WARN_UNREACHABLE_CODE = YES;
				CLANG_WARN__DUPLICATE_METHOD_MATCH = YES;
				COPY_PHASE_STRIP = NO;
				DEBUG_INFORMATION_FORMAT = dwarf;
				DEVELOPMENT_TEAM = QWGVB7TN4T;
				ENABLE_STRICT_OBJC_MSGSEND = YES;
				ENABLE_TESTABILITY = YES;
				ENABLE_USER_SCRIPT_SANDBOXING = YES;
				GCC_C_LANGUAGE_STANDARD = gnu17;
				GCC_DYNAMIC_NO_PIC = NO;
				GCC_NO_COMMON_BLOCKS = YES;
				GCC_OPTIMIZATION_LEVEL = 0;
				GCC_PREPROCESSOR_DEFINITIONS = (
					"DEBUG=1",
					"$(inherited)",
				);
				GCC_WARN_64_TO_32_BIT_CONVERSION = YES;
				GCC_WARN_ABOUT_RETURN_TYPE = YES_ERROR;
				GCC_WARN_UNDECLARED_SELECTOR = YES;
				GCC_WARN_UNINITIALIZED_AUTOS = YES_AGGRESSIVE;
				GCC_WARN_UNUSED_FUNCTION = YES;
				GCC_WARN_UNUSED_VARIABLE = YES;
				IPHONEOS_DEPLOYMENT_TARGET = 26.0;
				LOCALIZATION_PREFERS_STRING_CATALOGS = YES;
				MTL_ENABLE_DEBUG_INFO = INCLUDE_SOURCE;
				MTL_FAST_MATH = YES;
				ONLY_ACTIVE_ARCH = YES;
				SDKROOT = iphoneos;
				STRING_CATALOG_GENERATE_SYMBOLS = YES;
				SWIFT_ACTIVE_COMPILATION_CONDITIONS = "DEBUG $(inherited)";
				SWIFT_OPTIMIZATION_LEVEL = "-Onone";
			};
			name = Debug;
		};
		9A5E4D8C2E2406F9008DE803 /* Release */ = {
			isa = XCBuildConfiguration;
			buildSettings = {
				ALWAYS_SEARCH_USER_PATHS = NO;
				ASSETCATALOG_COMPILER_GENERATE_SWIFT_ASSET_SYMBOL_EXTENSIONS = YES;
				CLANG_ANALYZER_NONNULL = YES;
				CLANG_ANALYZER_NUMBER_OBJECT_CONVERSION = YES_AGGRESSIVE;
				CLANG_CXX_LANGUAGE_STANDARD = "gnu++20";
				CLANG_ENABLE_MODULES = YES;
				CLANG_ENABLE_OBJC_ARC = YES;
				CLANG_ENABLE_OBJC_WEAK = YES;
				CLANG_WARN_BLOCK_CAPTURE_AUTORELEASING = YES;
				CLANG_WARN_BOOL_CONVERSION = YES;
				CLANG_WARN_COMMA = YES;
				CLANG_WARN_CONSTANT_CONVERSION = YES;
				CLANG_WARN_DEPRECATED_OBJC_IMPLEMENTATIONS = YES;
				CLANG_WARN_DIRECT_OBJC_ISA_USAGE = YES_ERROR;
				CLANG_WARN_DOCUMENTATION_COMMENTS = YES;
				CLANG_WARN_EMPTY_BODY = YES;
				CLANG_WARN_ENUM_CONVERSION = YES;
				CLANG_WARN_INFINITE_RECURSION = YES;
				CLANG_WARN_INT_CONVERSION = YES;
				CLANG_WARN_NON_LITERAL_NULL_CONVERSION = YES;
				CLANG_WARN_OBJC_IMPLICIT_RETAIN_SELF = YES;
				CLANG_WARN_OBJC_LITERAL_CONVERSION = YES;
				CLANG_WARN_OBJC_ROOT_CLASS = YES_ERROR;
				CLANG_WARN_QUOTED_INCLUDE_IN_FRAMEWORK_HEADER = YES;
				CLANG_WARN_RANGE_LOOP_ANALYSIS = YES;
				CLANG_WARN_STRICT_PROTOTYPES = YES;
				CLANG_WARN_SUSPICIOUS_MOVE = YES;
				CLANG_WARN_UNGUARDED_AVAILABILITY = YES_AGGRESSIVE;
				CLANG_WARN_UNREACHABLE_CODE = YES;
				CLANG_WARN__DUPLICATE_METHOD_MATCH = YES;
				COPY_PHASE_STRIP = NO;
				DEBUG_INFORMATION_FORMAT = "dwarf-with-dsym";
				DEVELOPMENT_TEAM = QWGVB7TN4T;
				ENABLE_NS_ASSERTIONS = NO;
				ENABLE_STRICT_OBJC_MSGSEND = YES;
				ENABLE_USER_SCRIPT_SANDBOXING = YES;
				GCC_C_LANGUAGE_STANDARD = gnu17;
				GCC_NO_COMMON_BLOCKS = YES;
				GCC_WARN_64_TO_32_BIT_CONVERSION = YES;
				GCC_WARN_ABOUT_RETURN_TYPE = YES_ERROR;
				GCC_WARN_UNDECLARED_SELECTOR = YES;
				GCC_WARN_UNINITIALIZED_AUTOS = YES_AGGRESSIVE;
				GCC_WARN_UNUSED_FUNCTION = YES;
				GCC_WARN_UNUSED_VARIABLE = YES;
				IPHONEOS_DEPLOYMENT_TARGET = 26.0;
				LOCALIZATION_PREFERS_STRING_CATALOGS = YES;
				MTL_ENABLE_DEBUG_INFO = NO;
				MTL_FAST_MATH = YES;
				SDKROOT = iphoneos;
				STRING_CATALOG_GENERATE_SYMBOLS = YES;
				SWIFT_COMPILATION_MODE = wholemodule;
				VALIDATE_PRODUCT = YES;
			};
			name = Release;
		};
		9A5E4D8E2E2406F9008DE803 /* Debug */ = {
			isa = XCBuildConfiguration;
			buildSettings = {
				APS_ENVIRONMENT = development;
				ASCEND_ALLOWS_UNENTITLED_APP_ACCESS = YES;
				ASCEND_MIXPANEL_TOKEN = 354ccda8eef57e08d823eebc8598aab7;
				ASCEND_REVENUECAT_API_KEY = "";
				ASCEND_REVENUECAT_MONTHLY_PRODUCT_ID = ascend_staging_monthly;
				ASCEND_REVENUECAT_TEST_API_KEY = "";
				ASCEND_REVENUECAT_YEARLY_PRODUCT_ID = ascend_staging_yearly;
				ASCEND_SENTRY_DSN = "https://8ffadf8996800f8feaaea21ca77ebe5d@o4511621278728192.ingest.us.sentry.io/4511621439815680";
				ASCEND_SENTRY_ENABLED = YES;
				ASCEND_SUPERWALL_API_KEY = "";
				ASCEND_SUPERWALL_TEST_MODE = NO;
				ASCEND_USE_REVENUECAT_TEST_STORE = NO;
				ASSETCATALOG_COMPILER_APPICON_NAME = AppIconDev;
				ASSETCATALOG_COMPILER_GLOBAL_ACCENT_COLOR_NAME = AccentColor;
				CODE_SIGN_ENTITLEMENTS = AscendApp/AscendApp.entitlements;
				CODE_SIGN_IDENTITY = "Apple Development";
				CODE_SIGN_STYLE = Automatic;
				CURRENT_PROJECT_VERSION = 2;
				DEBUG_INFORMATION_FORMAT = "dwarf-with-dsym";
				DEVELOPMENT_TEAM = QWGVB7TN4T;
				ENABLE_PREVIEWS = YES;
				GENERATE_INFOPLIST_FILE = YES;
				INFOPLIST_FILE = AscendApp/Info.plist;
				INFOPLIST_KEY_CFBundleDisplayName = "Ascend - DEV";
				INFOPLIST_KEY_LSApplicationCategoryType = "public.app-category.healthcare-fitness";
				INFOPLIST_KEY_NSHealthShareUsageDescription = "Ascend needs access to your Health data to import your stair climbing workouts, including steps, heart rate, active energy, and resting energy.";
				INFOPLIST_KEY_NSHealthUpdateUsageDescription = "Ascend needs access to your Health data to import your stair climbing workouts, including steps, heart rate, active energy, and resting energy.";
				INFOPLIST_KEY_NSMotionUsageDescription = "Ascend uses motion from compatible headphones to track steps during Live Climbs.";
				INFOPLIST_KEY_NSPhotoLibraryAddUsageDescription = "Ascend saves your workout posters to your Photos library.";
				INFOPLIST_KEY_NSPhotoLibraryUsageDescription = "Ascend needs access to your photo library to attach photos and videos to workouts.";
				INFOPLIST_KEY_UIApplicationSceneManifest_Generation = YES;
				INFOPLIST_KEY_UIApplicationSupportsIndirectInputEvents = YES;
				INFOPLIST_KEY_UILaunchStoryboardName = LaunchScreen;
				INFOPLIST_KEY_UISupportedInterfaceOrientations = UIInterfaceOrientationPortrait;
				INFOPLIST_KEY_UISupportedInterfaceOrientations_iPad = "UIInterfaceOrientationLandscapeLeft UIInterfaceOrientationLandscapeRight UIInterfaceOrientationPortrait UIInterfaceOrientationPortraitUpsideDown";
				LD_RUNPATH_SEARCH_PATHS = (
					"$(inherited)",
					"@executable_path/Frameworks",
				);
				MAPBOX_ACCESS_TOKEN = "";
				MARKETING_VERSION = 1.0;
				PRODUCT_BUNDLE_IDENTIFIER = com.TylerPavay.AscendApp.dev;
				PRODUCT_NAME = "$(TARGET_NAME)";
				PROVISIONING_PROFILE_SPECIFIER = "";
				SUPPORTED_PLATFORMS = "iphoneos iphonesimulator";
				SUPPORTS_MACCATALYST = NO;
				SUPPORTS_MAC_DESIGNED_FOR_IPHONE_IPAD = NO;
				SUPPORTS_XR_DESIGNED_FOR_IPHONE_IPAD = NO;
				SWIFT_EMIT_LOC_STRINGS = YES;
				SWIFT_VERSION = 6.0;
				TARGETED_DEVICE_FAMILY = 1;
			};
			name = Debug;
		};
		9A5E4D8F2E2406F9008DE803 /* Release */ = {
			isa = XCBuildConfiguration;
			buildSettings = {
				APS_ENVIRONMENT = production;
				ASCEND_ALLOWS_UNENTITLED_APP_ACCESS = NO;
				ASCEND_MIXPANEL_TOKEN = 354ccda8eef57e08d823eebc8598aab7;
				ASCEND_REVENUECAT_API_KEY = appl_OuhVbQoKshaWOxkeVfELTpsvlHP;
				ASCEND_REVENUECAT_MONTHLY_PRODUCT_ID = ascend_monthly;
				ASCEND_REVENUECAT_TEST_API_KEY = "";
				ASCEND_REVENUECAT_YEARLY_PRODUCT_ID = ascend_yearly;
				ASCEND_SENTRY_DSN = "https://8ffadf8996800f8feaaea21ca77ebe5d@o4511621278728192.ingest.us.sentry.io/4511621439815680";
				ASCEND_SENTRY_ENABLED = YES;
				ASCEND_SUPERWALL_API_KEY = pk_DGywY9Qw39wY_9glnLs8R;
				ASCEND_SUPERWALL_TEST_MODE = NO;
				ASCEND_USE_REVENUECAT_TEST_STORE = NO;
				ASSETCATALOG_COMPILER_APPICON_NAME = AppIcon;
				ASSETCATALOG_COMPILER_GLOBAL_ACCENT_COLOR_NAME = AccentColor;
				CODE_SIGN_ENTITLEMENTS = AscendApp/AscendApp.entitlements;
				"CODE_SIGN_IDENTITY[sdk=iphoneos*]" = "Apple Distribution";
				CODE_SIGN_STYLE = Manual;
				CURRENT_PROJECT_VERSION = 2;
				DEVELOPMENT_TEAM = "";
				"DEVELOPMENT_TEAM[sdk=iphoneos*]" = QWGVB7TN4T;
				ENABLE_PREVIEWS = YES;
				GENERATE_INFOPLIST_FILE = YES;
				INFOPLIST_FILE = AscendApp/Info.plist;
				INFOPLIST_KEY_CFBundleDisplayName = Ascend;
				INFOPLIST_KEY_LSApplicationCategoryType = "public.app-category.healthcare-fitness";
				INFOPLIST_KEY_NSHealthShareUsageDescription = "Ascend needs access to your Health data to import your stair climbing workouts, including steps, heart rate, active energy, and resting energy.";
				INFOPLIST_KEY_NSHealthUpdateUsageDescription = "Ascend needs access to your Health data to import your stair climbing workouts, including steps, heart rate, active energy, and resting energy.";
				INFOPLIST_KEY_NSMotionUsageDescription = "Ascend uses motion from compatible headphones to track steps during Live Climbs.";
				INFOPLIST_KEY_NSPhotoLibraryAddUsageDescription = "Ascend saves your workout posters to your Photos library.";
				INFOPLIST_KEY_NSPhotoLibraryUsageDescription = "Ascend needs access to your photo library to attach photos and videos to workouts.";
				INFOPLIST_KEY_UIApplicationSceneManifest_Generation = YES;
				INFOPLIST_KEY_UIApplicationSupportsIndirectInputEvents = YES;
				INFOPLIST_KEY_UILaunchStoryboardName = LaunchScreen;
				INFOPLIST_KEY_UISupportedInterfaceOrientations = UIInterfaceOrientationPortrait;
				INFOPLIST_KEY_UISupportedInterfaceOrientations_iPad = "UIInterfaceOrientationLandscapeLeft UIInterfaceOrientationLandscapeRight UIInterfaceOrientationPortrait UIInterfaceOrientationPortraitUpsideDown";
				LD_RUNPATH_SEARCH_PATHS = (
					"$(inherited)",
					"@executable_path/Frameworks",
				);
				MARKETING_VERSION = 1.0;
				PRODUCT_BUNDLE_IDENTIFIER = com.TylerPavay.AscendApp;
				PRODUCT_NAME = "$(TARGET_NAME)";
				PROVISIONING_PROFILE_SPECIFIER = "";
				"PROVISIONING_PROFILE_SPECIFIER[sdk=iphoneos*]" = "match AppStore com.TylerPavay.AscendApp";
				SUPPORTED_PLATFORMS = "iphoneos iphonesimulator";
				SUPPORTS_MACCATALYST = NO;
				SUPPORTS_MAC_DESIGNED_FOR_IPHONE_IPAD = NO;
				SUPPORTS_XR_DESIGNED_FOR_IPHONE_IPAD = NO;
				SWIFT_EMIT_LOC_STRINGS = YES;
				SWIFT_VERSION = 6.0;
				TARGETED_DEVICE_FAMILY = 1;
			};
			name = Release;
		};
		A10600012F0A000000000009 /* Debug */ = {
			isa = XCBuildConfiguration;
			buildSettings = {
				BUNDLE_LOADER = "$(TEST_HOST)";
				CODE_SIGN_STYLE = Automatic;
				CURRENT_PROJECT_VERSION = 2;
				DEVELOPMENT_TEAM = QWGVB7TN4T;
				GENERATE_INFOPLIST_FILE = YES;
				IPHONEOS_DEPLOYMENT_TARGET = 26.0;
				MARKETING_VERSION = 1.0;
				PRODUCT_BUNDLE_IDENTIFIER = com.TylerPavay.AscendAppTests;
				PRODUCT_NAME = "$(TARGET_NAME)";
				SWIFT_EMIT_LOC_STRINGS = NO;
				SWIFT_VERSION = 6.0;
				TARGETED_DEVICE_FAMILY = "1,2";
				TEST_HOST = "$(BUILT_PRODUCTS_DIR)/AscendApp.app/$(BUNDLE_EXECUTABLE_FOLDER_PATH)/AscendApp";
			};
			name = Debug;
		};
		A10600012F0A00000000000A /* Release */ = {
			isa = XCBuildConfiguration;
			buildSettings = {
				BUNDLE_LOADER = "$(TEST_HOST)";
				CODE_SIGN_STYLE = Automatic;
				CURRENT_PROJECT_VERSION = 2;
				DEVELOPMENT_TEAM = QWGVB7TN4T;
				GENERATE_INFOPLIST_FILE = YES;
				IPHONEOS_DEPLOYMENT_TARGET = 26.0;
				MARKETING_VERSION = 1.0;
				PRODUCT_BUNDLE_IDENTIFIER = com.TylerPavay.AscendAppTests;
				PRODUCT_NAME = "$(TARGET_NAME)";
				SWIFT_EMIT_LOC_STRINGS = NO;
				SWIFT_VERSION = 6.0;
				TARGETED_DEVICE_FAMILY = "1,2";
				TEST_HOST = "$(BUILT_PRODUCTS_DIR)/AscendApp.app/$(BUNDLE_EXECUTABLE_FOLDER_PATH)/AscendApp";
			};
			name = Release;
		};
		A10600012F0A00000000000B /* Staging */ = {
			isa = XCBuildConfiguration;
			buildSettings = {
				BUNDLE_LOADER = "$(TEST_HOST)";
				CODE_SIGN_STYLE = Automatic;
				CURRENT_PROJECT_VERSION = 2;
				DEVELOPMENT_TEAM = QWGVB7TN4T;
				GENERATE_INFOPLIST_FILE = YES;
				IPHONEOS_DEPLOYMENT_TARGET = 26.0;
				MARKETING_VERSION = 1.0;
				PRODUCT_BUNDLE_IDENTIFIER = com.TylerPavay.AscendAppTests;
				PRODUCT_NAME = "$(TARGET_NAME)";
				SWIFT_EMIT_LOC_STRINGS = NO;
				SWIFT_VERSION = 6.0;
				TARGETED_DEVICE_FAMILY = "1,2";
				TEST_HOST = "$(BUILT_PRODUCTS_DIR)/AscendApp.app/$(BUNDLE_EXECUTABLE_FOLDER_PATH)/AscendApp";
			};
			name = Staging;
		};
		B30000012F90000000000009 /* Debug */ = {
			isa = XCBuildConfiguration;
			buildSettings = {
				CODE_SIGN_STYLE = Automatic;
				CURRENT_PROJECT_VERSION = 2;
				DEVELOPMENT_TEAM = QWGVB7TN4T;
				GENERATE_INFOPLIST_FILE = YES;
				IPHONEOS_DEPLOYMENT_TARGET = 26.0;
				MARKETING_VERSION = 1.0;
				PRODUCT_BUNDLE_IDENTIFIER = com.TylerPavay.AscendAppUITests;
				PRODUCT_NAME = "$(TARGET_NAME)";
				SWIFT_EMIT_LOC_STRINGS = NO;
				SWIFT_VERSION = 6.0;
				TARGETED_DEVICE_FAMILY = "1,2";
				TEST_TARGET_NAME = AscendApp;
			};
			name = Debug;
		};
		B30000012F9000000000000A /* Release */ = {
			isa = XCBuildConfiguration;
			buildSettings = {
				CODE_SIGN_STYLE = Automatic;
				CURRENT_PROJECT_VERSION = 2;
				DEVELOPMENT_TEAM = QWGVB7TN4T;
				GENERATE_INFOPLIST_FILE = YES;
				IPHONEOS_DEPLOYMENT_TARGET = 26.0;
				MARKETING_VERSION = 1.0;
				PRODUCT_BUNDLE_IDENTIFIER = com.TylerPavay.AscendAppUITests;
				PRODUCT_NAME = "$(TARGET_NAME)";
				SWIFT_EMIT_LOC_STRINGS = NO;
				SWIFT_VERSION = 6.0;
				TARGETED_DEVICE_FAMILY = "1,2";
				TEST_TARGET_NAME = AscendApp;
			};
			name = Release;
		};
		B30000012F9000000000000B /* Staging */ = {
			isa = XCBuildConfiguration;
			buildSettings = {
				CODE_SIGN_STYLE = Automatic;
				CURRENT_PROJECT_VERSION = 2;
				DEVELOPMENT_TEAM = QWGVB7TN4T;
				GENERATE_INFOPLIST_FILE = YES;
				IPHONEOS_DEPLOYMENT_TARGET = 26.0;
				MARKETING_VERSION = 1.0;
				PRODUCT_BUNDLE_IDENTIFIER = com.TylerPavay.AscendAppUITests;
				PRODUCT_NAME = "$(TARGET_NAME)";
				SWIFT_EMIT_LOC_STRINGS = NO;
				SWIFT_VERSION = 6.0;
				TARGETED_DEVICE_FAMILY = "1,2";
				TEST_TARGET_NAME = AscendApp;
			};
			name = Staging;
		};
		A20000012F1000000000000D /* Debug */ = {
			isa = XCBuildConfiguration;
			buildSettings = {
				APPLICATION_EXTENSION_API_ONLY = YES;
				CODE_SIGN_IDENTITY = "Apple Development";
				CODE_SIGN_STYLE = Automatic;
				CURRENT_PROJECT_VERSION = 2;
				DEVELOPMENT_TEAM = QWGVB7TN4T;
				ENABLE_PREVIEWS = YES;
				GENERATE_INFOPLIST_FILE = NO;
				INFOPLIST_FILE = AscendLiveActivityWidgets/Info.plist;
				IPHONEOS_DEPLOYMENT_TARGET = 26.0;
				LD_RUNPATH_SEARCH_PATHS = (
					"$(inherited)",
					"@executable_path/Frameworks",
					"@executable_path/../../Frameworks",
				);
				MARKETING_VERSION = 1.0;
				PRODUCT_BUNDLE_IDENTIFIER = com.TylerPavay.AscendApp.dev.LiveClimbWidgets;
				PRODUCT_NAME = "$(TARGET_NAME)";
				SKIP_INSTALL = YES;
				SUPPORTED_PLATFORMS = "iphoneos iphonesimulator";
				SUPPORTS_MACCATALYST = NO;
				SUPPORTS_MAC_DESIGNED_FOR_IPHONE_IPAD = NO;
				SUPPORTS_XR_DESIGNED_FOR_IPHONE_IPAD = NO;
				SWIFT_EMIT_LOC_STRINGS = YES;
				SWIFT_VERSION = 6.0;
				TARGETED_DEVICE_FAMILY = 1;
			};
			name = Debug;
		};
		A20000012F1000000000000E /* Release */ = {
			isa = XCBuildConfiguration;
			buildSettings = {
				APPLICATION_EXTENSION_API_ONLY = YES;
				"CODE_SIGN_IDENTITY[sdk=iphoneos*]" = "Apple Distribution";
				CODE_SIGN_STYLE = Manual;
				CURRENT_PROJECT_VERSION = 2;
				DEVELOPMENT_TEAM = "";
				"DEVELOPMENT_TEAM[sdk=iphoneos*]" = QWGVB7TN4T;
				ENABLE_PREVIEWS = YES;
				GENERATE_INFOPLIST_FILE = NO;
				INFOPLIST_FILE = AscendLiveActivityWidgets/Info.plist;
				IPHONEOS_DEPLOYMENT_TARGET = 26.0;
				LD_RUNPATH_SEARCH_PATHS = (
					"$(inherited)",
					"@executable_path/Frameworks",
					"@executable_path/../../Frameworks",
				);
				MARKETING_VERSION = 1.0;
				PRODUCT_BUNDLE_IDENTIFIER = com.TylerPavay.AscendApp.LiveClimbWidgets;
				PRODUCT_NAME = "$(TARGET_NAME)";
				PROVISIONING_PROFILE_SPECIFIER = "";
				"PROVISIONING_PROFILE_SPECIFIER[sdk=iphoneos*]" = "match AppStore com.TylerPavay.AscendApp.LiveClimbWidgets";
				SKIP_INSTALL = YES;
				SUPPORTED_PLATFORMS = "iphoneos iphonesimulator";
				SUPPORTS_MACCATALYST = NO;
				SUPPORTS_MAC_DESIGNED_FOR_IPHONE_IPAD = NO;
				SUPPORTS_XR_DESIGNED_FOR_IPHONE_IPAD = NO;
				SWIFT_EMIT_LOC_STRINGS = YES;
				SWIFT_VERSION = 6.0;
				TARGETED_DEVICE_FAMILY = 1;
			};
			name = Release;
		};
		A20000012F1000000000000F /* Staging */ = {
			isa = XCBuildConfiguration;
			buildSettings = {
				APPLICATION_EXTENSION_API_ONLY = YES;
				"CODE_SIGN_IDENTITY[sdk=iphoneos*]" = "Apple Distribution";
				CODE_SIGN_STYLE = Manual;
				CURRENT_PROJECT_VERSION = 2;
				DEVELOPMENT_TEAM = "";
				"DEVELOPMENT_TEAM[sdk=iphoneos*]" = QWGVB7TN4T;
				ENABLE_PREVIEWS = YES;
				GENERATE_INFOPLIST_FILE = NO;
				INFOPLIST_FILE = AscendLiveActivityWidgets/Info.plist;
				IPHONEOS_DEPLOYMENT_TARGET = 26.0;
				LD_RUNPATH_SEARCH_PATHS = (
					"$(inherited)",
					"@executable_path/Frameworks",
					"@executable_path/../../Frameworks",
				);
				MARKETING_VERSION = 1.0;
				PRODUCT_BUNDLE_IDENTIFIER = com.TylerPavay.AscendApp.staging.LiveClimbWidgets;
				PRODUCT_NAME = "$(TARGET_NAME)";
				PROVISIONING_PROFILE_SPECIFIER = "";
				"PROVISIONING_PROFILE_SPECIFIER[sdk=iphoneos*]" = "match AppStore com.TylerPavay.AscendApp.staging.LiveClimbWidgets";
				SKIP_INSTALL = YES;
				SUPPORTED_PLATFORMS = "iphoneos iphonesimulator";
				SUPPORTS_MACCATALYST = NO;
				SUPPORTS_MAC_DESIGNED_FOR_IPHONE_IPAD = NO;
				SUPPORTS_XR_DESIGNED_FOR_IPHONE_IPAD = NO;
				SWIFT_ACTIVE_COMPILATION_CONDITIONS = STAGING;
				SWIFT_EMIT_LOC_STRINGS = YES;
				SWIFT_VERSION = 6.0;
				TARGETED_DEVICE_FAMILY = 1;
			};
			name = Staging;
		};
/* End XCBuildConfiguration section */

/* Begin XCConfigurationList section */
		9A5E4D7D2E2406F8008DE803 /* Build configuration list for PBXProject "AscendApp" */ = {
			isa = XCConfigurationList;
			buildConfigurations = (
				9A5E4D8B2E2406F9008DE803 /* Debug */,
				9A5E4D8C2E2406F9008DE803 /* Release */,
				9A09EB312F032E36007A47DD /* Staging */,
			);
			defaultConfigurationIsVisible = 0;
			defaultConfigurationName = Release;
		};
		9A5E4D8D2E2406F9008DE803 /* Build configuration list for PBXNativeTarget "AscendApp" */ = {
			isa = XCConfigurationList;
			buildConfigurations = (
				9A5E4D8E2E2406F9008DE803 /* Debug */,
				9A5E4D8F2E2406F9008DE803 /* Release */,
				9A09EB322F032E36007A47DD /* Staging */,
			);
			defaultConfigurationIsVisible = 0;
			defaultConfigurationName = Release;
		};
		A10600012F0A00000000000C /* Build configuration list for PBXNativeTarget "AscendAppTests" */ = {
			isa = XCConfigurationList;
			buildConfigurations = (
				A10600012F0A000000000009 /* Debug */,
				A10600012F0A00000000000A /* Release */,
				A10600012F0A00000000000B /* Staging */,
			);
			defaultConfigurationIsVisible = 0;
			defaultConfigurationName = Release;
		};
		A20000012F10000000000010 /* Build configuration list for PBXNativeTarget "AscendLiveActivityWidgets" */ = {
			isa = XCConfigurationList;
			buildConfigurations = (
				A20000012F1000000000000D /* Debug */,
				A20000012F1000000000000E /* Release */,
				A20000012F1000000000000F /* Staging */,
			);
			defaultConfigurationIsVisible = 0;
			defaultConfigurationName = Release;
		};
		B30000012F9000000000000C /* Build configuration list for PBXNativeTarget "AscendAppUITests" */ = {
			isa = XCConfigurationList;
			buildConfigurations = (
				B30000012F90000000000009 /* Debug */,
				B30000012F9000000000000A /* Release */,
				B30000012F9000000000000B /* Staging */,
			);
			defaultConfigurationIsVisible = 0;
			defaultConfigurationName = Release;
		};
/* End XCConfigurationList section */

/* Begin XCRemoteSwiftPackageReference section */
		9A4D66FB2E49447800EEAE1D /* XCRemoteSwiftPackageReference "GoogleSignIn-iOS" */ = {
			isa = XCRemoteSwiftPackageReference;
			repositoryURL = "https://github.com/google/GoogleSignIn-iOS";
			requirement = {
				kind = upToNextMajorVersion;
				minimumVersion = 9.0.0;
			};
		};
		9A8E4CE42E2418D200C78912 /* XCRemoteSwiftPackageReference "firebase-ios-sdk" */ = {
			isa = XCRemoteSwiftPackageReference;
			repositoryURL = "https://github.com/firebase/firebase-ios-sdk";
			requirement = {
				kind = upToNextMajorVersion;
				minimumVersion = 11.15.0;
			};
		};
		9B1000032F22000000100003 /* XCRemoteSwiftPackageReference "purchases-ios" */ = {
			isa = XCRemoteSwiftPackageReference;
			repositoryURL = "https://github.com/RevenueCat/purchases-ios";
			requirement = {
				kind = upToNextMajorVersion;
				minimumVersion = 5.74.0;
			};
		};
		9B1000042F22000000100004 /* XCRemoteSwiftPackageReference "Superwall-iOS" */ = {
			isa = XCRemoteSwiftPackageReference;
			repositoryURL = "https://github.com/superwall/Superwall-iOS";
			requirement = {
				kind = upToNextMajorVersion;
				minimumVersion = 4.15.3;
			};
		};
		9C3000022F2A000000100002 /* XCRemoteSwiftPackageReference "mixpanel-swift" */ = {
			isa = XCRemoteSwiftPackageReference;
			repositoryURL = "https://github.com/mixpanel/mixpanel-swift";
			requirement = {
				kind = upToNextMajorVersion;
				minimumVersion = 6.3.0;
			};
		};
		9D4000022F60000000100002 /* XCRemoteSwiftPackageReference "mapbox-maps-ios-binary" */ = {
			isa = XCRemoteSwiftPackageReference;
			repositoryURL = "https://github.com/mapbox/mapbox-maps-ios-binary.git";
			requirement = {
				kind = upToNextMajorVersion;
				minimumVersion = 11.20.0;
			};
		};
		9F6000022F75000000100002 /* XCRemoteSwiftPackageReference "sentry-cocoa" */ = {
			isa = XCRemoteSwiftPackageReference;
			repositoryURL = "https://github.com/getsentry/sentry-cocoa";
			requirement = {
				kind = upToNextMajorVersion;
				minimumVersion = 9.18.0;
			};
		};
/* End XCRemoteSwiftPackageReference section */

/* Begin XCSwiftPackageProductDependency section */
		9A4D66F72E4817BD00EEAE1D /* FirebaseAuth */ = {
			isa = XCSwiftPackageProductDependency;
			package = 9A8E4CE42E2418D200C78912 /* XCRemoteSwiftPackageReference "firebase-ios-sdk" */;
			productName = FirebaseAuth;
		};
		9A4D66FC2E49447800EEAE1D /* GoogleSignIn */ = {
			isa = XCSwiftPackageProductDependency;
			package = 9A4D66FB2E49447800EEAE1D /* XCRemoteSwiftPackageReference "GoogleSignIn-iOS" */;
			productName = GoogleSignIn;
		};
		9A4D66FE2E49447800EEAE1D /* GoogleSignInSwift */ = {
			isa = XCSwiftPackageProductDependency;
			package = 9A4D66FB2E49447800EEAE1D /* XCRemoteSwiftPackageReference "GoogleSignIn-iOS" */;
			productName = GoogleSignInSwift;
		};
		9A6A00D32E7F36E70015F349 /* FirebaseStorage */ = {
			isa = XCSwiftPackageProductDependency;
			package = 9A8E4CE42E2418D200C78912 /* XCRemoteSwiftPackageReference "firebase-ios-sdk" */;
			productName = FirebaseStorage;
		};
		9A8C9A342EEF22F800C94089 /* FirebaseCrashlytics */ = {
			isa = XCSwiftPackageProductDependency;
			package = 9A8E4CE42E2418D200C78912 /* XCRemoteSwiftPackageReference "firebase-ios-sdk" */;
			productName = FirebaseCrashlytics;
		};
		9A8E4CE52E2418D200C78912 /* FirebaseAnalytics */ = {
			isa = XCSwiftPackageProductDependency;
			package = 9A8E4CE42E2418D200C78912 /* XCRemoteSwiftPackageReference "firebase-ios-sdk" */;
			productName = FirebaseAnalytics;
		};
		9AF20E5D2E64DCFF00044C25 /* FirebaseFirestore */ = {
			isa = XCSwiftPackageProductDependency;
			package = 9A8E4CE42E2418D200C78912 /* XCRemoteSwiftPackageReference "firebase-ios-sdk" */;
			productName = FirebaseFirestore;
		};
		9B1000052F22000000100005 /* RevenueCat */ = {
			isa = XCSwiftPackageProductDependency;
			package = 9B1000032F22000000100003 /* XCRemoteSwiftPackageReference "purchases-ios" */;
			productName = RevenueCat;
		};
		9B1000062F22000000100006 /* SuperwallKit */ = {
			isa = XCSwiftPackageProductDependency;
			package = 9B1000042F22000000100004 /* XCRemoteSwiftPackageReference "Superwall-iOS" */;
			productName = SuperwallKit;
		};
		9B2000012F23000000100001 /* FirebaseFunctions */ = {
			isa = XCSwiftPackageProductDependency;
			package = 9A8E4CE42E2418D200C78912 /* XCRemoteSwiftPackageReference "firebase-ios-sdk" */;
			productName = FirebaseFunctions;
		};
		9C3000032F2A000000100003 /* Mixpanel */ = {
			isa = XCSwiftPackageProductDependency;
			package = 9C3000022F2A000000100002 /* XCRemoteSwiftPackageReference "mixpanel-swift" */;
			productName = Mixpanel;
		};
		9D4000032F60000000100003 /* MapboxMaps */ = {
			isa = XCSwiftPackageProductDependency;
			package = 9D4000022F60000000100002 /* XCRemoteSwiftPackageReference "mapbox-maps-ios-binary" */;
			productName = MapboxMaps;
		};
		9E5000022F6B000000100002 /* FirebaseMessaging */ = {
			isa = XCSwiftPackageProductDependency;
			package = 9A8E4CE42E2418D200C78912 /* XCRemoteSwiftPackageReference "firebase-ios-sdk" */;
			productName = FirebaseMessaging;
		};
		9F6000032F75000000100003 /* Sentry */ = {
			isa = XCSwiftPackageProductDependency;
			package = 9F6000022F75000000100002 /* XCRemoteSwiftPackageReference "sentry-cocoa" */;
			productName = Sentry;
		};
/* End XCSwiftPackageProductDependency section */
	};
	rootObject = 9A5E4D7A2E2406F8008DE803 /* Project object */;
}
